// !$*UTF8*$!
{
	archiveVersion = 1;
	classes = {
	};
	objectVersion = 46;
	objects = {

/* Begin PBXBuildFile section */
		1114F17A1A9283BD00D73E21 /* AppDelegate.swift in Sources */ = {isa = PBXBuildFile; fileRef = 1114F1791A9283BD00D73E21 /* AppDelegate.swift */; };
		1114F17C1A9283BD00D73E21 /* ViewController.swift in Sources */ = {isa = PBXBuildFile; fileRef = 1114F17B1A9283BD00D73E21 /* ViewController.swift */; };
		1114F17F1A9283BD00D73E21 /* Main.storyboard in Resources */ = {isa = PBXBuildFile; fileRef = 1114F17D1A9283BD00D73E21 /* Main.storyboard */; };
		1114F1811A9283BD00D73E21 /* Images.xcassets in Resources */ = {isa = PBXBuildFile; fileRef = 1114F1801A9283BD00D73E21 /* Images.xcassets */; };
		1114F1901A9283BE00D73E21 /* Clarence_JiTests.swift in Sources */ = {isa = PBXBuildFile; fileRef = 1114F18F1A9283BE00D73E21 /* Clarence_JiTests.swift */; };
		1114F19A1A928BAB00D73E21 /* CJActivityIndicator.swift in Sources */ = {isa = PBXBuildFile; fileRef = 1114F1991A928BAB00D73E21 /* CJActivityIndicator.swift */; };
		1179E37A1AE2B9D60036A5D4 /* CJTableView2.swift in Sources */ = {isa = PBXBuildFile; fileRef = 1179E3791AE2B9D60036A5D4 /* CJTableView2.swift */; };
		1179E37C1AE409DA0036A5D4 /* Text_Intro.txt in Resources */ = {isa = PBXBuildFile; fileRef = 1179E37B1AE409DA0036A5D4 /* Text_Intro.txt */; };
		1179E37F1AE40E860036A5D4 /* CJTableView2_Cell.swift in Sources */ = {isa = PBXBuildFile; fileRef = 1179E37D1AE40E860036A5D4 /* CJTableView2_Cell.swift */; };
		1179E3801AE40E860036A5D4 /* CJTableView2_Cell.xib in Resources */ = {isa = PBXBuildFile; fileRef = 1179E37E1AE40E860036A5D4 /* CJTableView2_Cell.xib */; };
		11A37DDC1AE55CAF006B1F80 /* CJTableView2_ImageCell.swift in Sources */ = {isa = PBXBuildFile; fileRef = 11A37DDB1AE55CAF006B1F80 /* CJTableView2_ImageCell.swift */; };
		11A37DDE1AE56094006B1F80 /* CJImageView.swift in Sources */ = {isa = PBXBuildFile; fileRef = 11A37DDD1AE56094006B1F80 /* CJImageView.swift */; };
		11A37DE21AE57649006B1F80 /* Text_Education.txt in Resources */ = {isa = PBXBuildFile; fileRef = 11A37DE11AE57649006B1F80 /* Text_Education.txt */; };
		11C784421AE45E7B0072A3E9 /* CJBackButton.swift in Sources */ = {isa = PBXBuildFile; fileRef = 11C784411AE45E7B0072A3E9 /* CJBackButton.swift */; };
		11ECE11B1ADEADBB005A1AF6 /* CJNavView1.swift in Sources */ = {isa = PBXBuildFile; fileRef = 11ECE11A1ADEADBB005A1AF6 /* CJNavView1.swift */; };
		11ECE11D1ADEAE21005A1AF6 /* CJTableView1.swift in Sources */ = {isa = PBXBuildFile; fileRef = 11ECE11C1ADEAE21005A1AF6 /* CJTableView1.swift */; };
		11ECE1211ADEBD8D005A1AF6 /* CJTableView1_Cell.xib in Resources */ = {isa = PBXBuildFile; fileRef = 11ECE1201ADEBD8D005A1AF6 /* CJTableView1_Cell.xib */; };
		11ECE1231ADEBDE0005A1AF6 /* CJTableView1_Cell.swift in Sources */ = {isa = PBXBuildFile; fileRef = 11ECE1221ADEBDE0005A1AF6 /* CJTableView1_Cell.swift */; };
		11ECE1271ADECDDC005A1AF6 /* CJViewTransition.swift in Sources */ = {isa = PBXBuildFile; fileRef = 11ECE1261ADECDDC005A1AF6 /* CJViewTransition.swift */; };
		11ECE12C1ADFE1E6005A1AF6 /* MyriadPro-Light.otf in Resources */ = {isa = PBXBuildFile; fileRef = 11ECE1281ADFE0EB005A1AF6 /* MyriadPro-Light.otf */; };
		11ECE1301ADFE9BA005A1AF6 /* CJTableView1_Cell_Barometer.swift in Sources */ = {isa = PBXBuildFile; fileRef = 11ECE12F1ADFE9BA005A1AF6 /* CJTableView1_Cell_Barometer.swift */; };
		11ECE1341ADFEB92005A1AF6 /* CJAltimeter.swift in Sources */ = {isa = PBXBuildFile; fileRef = 11ECE1331ADFEB92005A1AF6 /* CJAltimeter.swift */; };
		11ECE1361ADFFF46005A1AF6 /* CJTableView3.swift in Sources */ = {isa = PBXBuildFile; fileRef = 11ECE1351ADFFF46005A1AF6 /* CJTableView3.swift */; };
		11ECE1391AE00DC2005A1AF6 /* CJTableView3_Cell.swift in Sources */ = {isa = PBXBuildFile; fileRef = 11ECE1371AE00DC2005A1AF6 /* CJTableView3_Cell.swift */; };
		11ECE13A1AE00DC2005A1AF6 /* CJTableView3_Cell.xib in Resources */ = {isa = PBXBuildFile; fileRef = 11ECE1381AE00DC2005A1AF6 /* CJTableView3_Cell.xib */; };
		11ECE13C1AE01168005A1AF6 /* MyriadPro-Regular.otf in Resources */ = {isa = PBXBuildFile; fileRef = 11ECE13B1AE01159005A1AF6 /* MyriadPro-Regular.otf */; };
/* End PBXBuildFile section */

/* Begin PBXContainerItemProxy section */
		1114F18A1A9283BD00D73E21 /* PBXContainerItemProxy */ = {
			isa = PBXContainerItemProxy;
			containerPortal = 1114F16C1A9283BD00D73E21 /* Project object */;
			proxyType = 1;
			remoteGlobalIDString = 1114F1731A9283BD00D73E21;
			remoteInfo = "Clarence Ji";
		};
/* End PBXContainerItemProxy section */

/* Begin PBXFileReference section */
		1114F1741A9283BD00D73E21 /* Clarence Ji.app */ = {isa = PBXFileReference; explicitFileType = wrapper.application; includeInIndex = 0; path = "Clarence Ji.app"; sourceTree = BUILT_PRODUCTS_DIR; };
		1114F1781A9283BD00D73E21 /* Info.plist */ = {isa = PBXFileReference; lastKnownFileType = text.plist.xml; path = Info.plist; sourceTree = "<group>"; };
		1114F1791A9283BD00D73E21 /* AppDelegate.swift */ = {isa = PBXFileReference; lastKnownFileType = sourcecode.swift; path = AppDelegate.swift; sourceTree = "<group>"; };
		1114F17B1A9283BD00D73E21 /* ViewController.swift */ = {isa = PBXFileReference; lastKnownFileType = sourcecode.swift; path = ViewController.swift; sourceTree = "<group>"; };
		1114F17E1A9283BD00D73E21 /* Base */ = {isa = PBXFileReference; lastKnownFileType = file.storyboard; name = Base; path = Base.lproj/Main.storyboard; sourceTree = "<group>"; };
		1114F1801A9283BD00D73E21 /* Images.xcassets */ = {isa = PBXFileReference; lastKnownFileType = folder.assetcatalog; path = Images.xcassets; sourceTree = "<group>"; };
		1114F1891A9283BD00D73E21 /* Clarence JiTests.xctest */ = {isa = PBXFileReference; explicitFileType = wrapper.cfbundle; includeInIndex = 0; path = "Clarence JiTests.xctest"; sourceTree = BUILT_PRODUCTS_DIR; };
		1114F18E1A9283BE00D73E21 /* Info.plist */ = {isa = PBXFileReference; lastKnownFileType = text.plist.xml; path = Info.plist; sourceTree = "<group>"; };
		1114F18F1A9283BE00D73E21 /* Clarence_JiTests.swift */ = {isa = PBXFileReference; lastKnownFileType = sourcecode.swift; path = Clarence_JiTests.swift; sourceTree = "<group>"; };
		1114F1991A928BAB00D73E21 /* CJActivityIndicator.swift */ = {isa = PBXFileReference; fileEncoding = 4; lastKnownFileType = sourcecode.swift; path = CJActivityIndicator.swift; sourceTree = "<group>"; };
		1179E3791AE2B9D60036A5D4 /* CJTableView2.swift */ = {isa = PBXFileReference; fileEncoding = 4; lastKnownFileType = sourcecode.swift; path = CJTableView2.swift; sourceTree = "<group>"; };
		1179E37B1AE409DA0036A5D4 /* Text_Intro.txt */ = {isa = PBXFileReference; fileEncoding = 4; lastKnownFileType = text; path = Text_Intro.txt; sourceTree = "<group>"; };
		1179E37D1AE40E860036A5D4 /* CJTableView2_Cell.swift */ = {isa = PBXFileReference; fileEncoding = 4; lastKnownFileType = sourcecode.swift; path = CJTableView2_Cell.swift; sourceTree = "<group>"; };
		1179E37E1AE40E860036A5D4 /* CJTableView2_Cell.xib */ = {isa = PBXFileReference; fileEncoding = 4; lastKnownFileType = file.xib; path = CJTableView2_Cell.xib; sourceTree = "<group>"; };
		11A37DDB1AE55CAF006B1F80 /* CJTableView2_ImageCell.swift */ = {isa = PBXFileReference; fileEncoding = 4; lastKnownFileType = sourcecode.swift; path = CJTableView2_ImageCell.swift; sourceTree = "<group>"; };
		11A37DDD1AE56094006B1F80 /* CJImageView.swift */ = {isa = PBXFileReference; fileEncoding = 4; lastKnownFileType = sourcecode.swift; path = CJImageView.swift; sourceTree = "<group>"; };
		11A37DE11AE57649006B1F80 /* Text_Education.txt */ = {isa = PBXFileReference; fileEncoding = 4; lastKnownFileType = text; path = Text_Education.txt; sourceTree = "<group>"; };
		11C784411AE45E7B0072A3E9 /* CJBackButton.swift */ = {isa = PBXFileReference; fileEncoding = 4; lastKnownFileType = sourcecode.swift; path = CJBackButton.swift; sourceTree = "<group>"; };
		11ECE11A1ADEADBB005A1AF6 /* CJNavView1.swift */ = {isa = PBXFileReference; fileEncoding = 4; lastKnownFileType = sourcecode.swift; name = CJNavView1.swift; path = ../CJNavView1.swift; sourceTree = "<group>"; };
		11ECE11C1ADEAE21005A1AF6 /* CJTableView1.swift */ = {isa = PBXFileReference; fileEncoding = 4; lastKnownFileType = sourcecode.swift; path = CJTableView1.swift; sourceTree = "<group>"; };
		11ECE1201ADEBD8D005A1AF6 /* CJTableView1_Cell.xib */ = {isa = PBXFileReference; fileEncoding = 4; lastKnownFileType = file.xib; name = CJTableView1_Cell.xib; path = ../CJTableView1_Cell.xib; sourceTree = "<group>"; };
		11ECE1221ADEBDE0005A1AF6 /* CJTableView1_Cell.swift */ = {isa = PBXFileReference; fileEncoding = 4; lastKnownFileType = sourcecode.swift; path = CJTableView1_Cell.swift; sourceTree = "<group>"; };
		11ECE1261ADECDDC005A1AF6 /* CJViewTransition.swift */ = {isa = PBXFileReference; fileEncoding = 4; lastKnownFileType = sourcecode.swift; path = CJViewTransition.swift; sourceTree = "<group>"; };
		11ECE1281ADFE0EB005A1AF6 /* MyriadPro-Light.otf */ = {isa = PBXFileReference; lastKnownFileType = file; path = "MyriadPro-Light.otf"; sourceTree = "<group>"; };
		11ECE12F1ADFE9BA005A1AF6 /* CJTableView1_Cell_Barometer.swift */ = {isa = PBXFileReference; fileEncoding = 4; lastKnownFileType = sourcecode.swift; name = CJTableView1_Cell_Barometer.swift; path = ../CJTableView1_Cell_Barometer.swift; sourceTree = "<group>"; };
		11ECE1331ADFEB92005A1AF6 /* CJAltimeter.swift */ = {isa = PBXFileReference; fileEncoding = 4; lastKnownFileType = sourcecode.swift; path = CJAltimeter.swift; sourceTree = "<group>"; };
		11ECE1351ADFFF46005A1AF6 /* CJTableView3.swift */ = {isa = PBXFileReference; fileEncoding = 4; lastKnownFileType = sourcecode.swift; path = CJTableView3.swift; sourceTree = "<group>"; };
		11ECE1371AE00DC2005A1AF6 /* CJTableView3_Cell.swift */ = {isa = PBXFileReference; fileEncoding = 4; lastKnownFileType = sourcecode.swift; path = CJTableView3_Cell.swift; sourceTree = "<group>"; };
		11ECE1381AE00DC2005A1AF6 /* CJTableView3_Cell.xib */ = {isa = PBXFileReference; fileEncoding = 4; lastKnownFileType = file.xib; path = CJTableView3_Cell.xib; sourceTree = "<group>"; };
		11ECE13B1AE01159005A1AF6 /* MyriadPro-Regular.otf */ = {isa = PBXFileReference; lastKnownFileType = file; path = "MyriadPro-Regular.otf"; sourceTree = "<group>"; };
/* End PBXFileReference section */

/* Begin PBXFrameworksBuildPhase section */
		1114F1711A9283BD00D73E21 /* Frameworks */ = {
			isa = PBXFrameworksBuildPhase;
			buildActionMask = 2147483647;
			files = (
			);
			runOnlyForDeploymentPostprocessing = 0;
		};
		1114F1861A9283BD00D73E21 /* Frameworks */ = {
			isa = PBXFrameworksBuildPhase;
			buildActionMask = 2147483647;
			files = (
			);
			runOnlyForDeploymentPostprocessing = 0;
		};
/* End PBXFrameworksBuildPhase section */

/* Begin PBXGroup section */
		1114F16B1A9283BD00D73E21 = {
			isa = PBXGroup;
			children = (
				1114F1761A9283BD00D73E21 /* Clarence Ji */,
				1114F18C1A9283BE00D73E21 /* Clarence JiTests */,
				1114F1751A9283BD00D73E21 /* Products */,
			);
			sourceTree = "<group>";
		};
		1114F1751A9283BD00D73E21 /* Products */ = {
			isa = PBXGroup;
			children = (
				1114F1741A9283BD00D73E21 /* Clarence Ji.app */,
				1114F1891A9283BD00D73E21 /* Clarence JiTests.xctest */,
			);
			name = Products;
			sourceTree = "<group>";
		};
		1114F1761A9283BD00D73E21 /* Clarence Ji */ = {
			isa = PBXGroup;
			children = (
				11ECE1321ADFEB78005A1AF6 /* Support Classes */,
				11ECE1311ADFEB4B005A1AF6 /* UI / Views */,
				1114F1791A9283BD00D73E21 /* AppDelegate.swift */,
				1114F1771A9283BD00D73E21 /* Supporting Files */,
			);
			path = "Clarence Ji";
			sourceTree = "<group>";
		};
		1114F1771A9283BD00D73E21 /* Supporting Files */ = {
			isa = PBXGroup;
			children = (
				1114F1801A9283BD00D73E21 /* Images.xcassets */,
				1114F1A11A9296F200D73E21 /* Fonts */,
				1114F1781A9283BD00D73E21 /* Info.plist */,
				1179E37B1AE409DA0036A5D4 /* Text_Intro.txt */,
				11A37DE11AE57649006B1F80 /* Text_Education.txt */,
			);
			name = "Supporting Files";
			sourceTree = "<group>";
		};
		1114F18C1A9283BE00D73E21 /* Clarence JiTests */ = {
			isa = PBXGroup;
			children = (
				1114F18F1A9283BE00D73E21 /* Clarence_JiTests.swift */,
				1114F18D1A9283BE00D73E21 /* Supporting Files */,
			);
			path = "Clarence JiTests";
			sourceTree = "<group>";
		};
		1114F18D1A9283BE00D73E21 /* Supporting Files */ = {
			isa = PBXGroup;
			children = (
				1114F18E1A9283BE00D73E21 /* Info.plist */,
			);
			name = "Supporting Files";
			sourceTree = "<group>";
		};
		1114F1A11A9296F200D73E21 /* Fonts */ = {
			isa = PBXGroup;
			children = (
				11ECE1281ADFE0EB005A1AF6 /* MyriadPro-Light.otf */,
				11ECE13B1AE01159005A1AF6 /* MyriadPro-Regular.otf */,
			);
			name = Fonts;
			sourceTree = "<group>";
		};
		1179E3761AE2B9440036A5D4 /* Main View */ = {
			isa = PBXGroup;
			children = (
				1114F17B1A9283BD00D73E21 /* ViewController.swift */,
				11ECE11A1ADEADBB005A1AF6 /* CJNavView1.swift */,
				11ECE11C1ADEAE21005A1AF6 /* CJTableView1.swift */,
				11ECE1201ADEBD8D005A1AF6 /* CJTableView1_Cell.xib */,
				11ECE1221ADEBDE0005A1AF6 /* CJTableView1_Cell.swift */,
				11ECE12F1ADFE9BA005A1AF6 /* CJTableView1_Cell_Barometer.swift */,
			);
			name = "Main View";
			sourceTree = "<group>";
		};
		1179E3771AE2B9820036A5D4 /* Info View */ = {
			isa = PBXGroup;
			children = (
				11ECE1351ADFFF46005A1AF6 /* CJTableView3.swift */,
				11ECE1381AE00DC2005A1AF6 /* CJTableView3_Cell.xib */,
				11ECE1371AE00DC2005A1AF6 /* CJTableView3_Cell.swift */,
			);
			name = "Info View";
			sourceTree = "<group>";
		};
		1179E3781AE2B9960036A5D4 /* Detail View */ = {
			isa = PBXGroup;
			children = (
				1179E3791AE2B9D60036A5D4 /* CJTableView2.swift */,
				1179E37D1AE40E860036A5D4 /* CJTableView2_Cell.swift */,
				11A37DDB1AE55CAF006B1F80 /* CJTableView2_ImageCell.swift */,
				1179E37E1AE40E860036A5D4 /* CJTableView2_Cell.xib */,
			);
			name = "Detail View";
			sourceTree = "<group>";
		};
		11ECE1311ADFEB4B005A1AF6 /* UI / Views */ = {
			isa = PBXGroup;
			children = (
				1114F17D1A9283BD00D73E21 /* Main.storyboard */,
				11ECE1261ADECDDC005A1AF6 /* CJViewTransition.swift */,
				1179E3761AE2B9440036A5D4 /* Main View */,
				1179E3781AE2B9960036A5D4 /* Detail View */,
				1179E3771AE2B9820036A5D4 /* Info View */,
				1114F1991A928BAB00D73E21 /* CJActivityIndicator.swift */,
			);
			name = "UI / Views";
			sourceTree = "<group>";
		};
		11ECE1321ADFEB78005A1AF6 /* Support Classes */ = {
			isa = PBXGroup;
			children = (
				11ECE1331ADFEB92005A1AF6 /* CJAltimeter.swift */,
				11C784411AE45E7B0072A3E9 /* CJBackButton.swift */,
				11A37DDD1AE56094006B1F80 /* CJImageView.swift */,
			);
			name = "Support Classes";
			sourceTree = "<group>";
		};
/* End PBXGroup section */

/* Begin PBXNativeTarget section */
		1114F1731A9283BD00D73E21 /* Clarence Ji */ = {
			isa = PBXNativeTarget;
			buildConfigurationList = 1114F1931A9283BE00D73E21 /* Build configuration list for PBXNativeTarget "Clarence Ji" */;
			buildPhases = (
				1114F1701A9283BD00D73E21 /* Sources */,
				1114F1711A9283BD00D73E21 /* Frameworks */,
				1114F1721A9283BD00D73E21 /* Resources */,
			);
			buildRules = (
			);
			dependencies = (
			);
			name = "Clarence Ji";
			productName = "Clarence Ji";
			productReference = 1114F1741A9283BD00D73E21 /* Clarence Ji.app */;
			productType = "com.apple.product-type.application";
		};
		1114F1881A9283BD00D73E21 /* Clarence JiTests */ = {
			isa = PBXNativeTarget;
			buildConfigurationList = 1114F1961A9283BE00D73E21 /* Build configuration list for PBXNativeTarget "Clarence JiTests" */;
			buildPhases = (
				1114F1851A9283BD00D73E21 /* Sources */,
				1114F1861A9283BD00D73E21 /* Frameworks */,
				1114F1871A9283BD00D73E21 /* Resources */,
			);
			buildRules = (
			);
			dependencies = (
				1114F18B1A9283BD00D73E21 /* PBXTargetDependency */,
			);
			name = "Clarence JiTests";
			productName = "Clarence JiTests";
			productReference = 1114F1891A9283BD00D73E21 /* Clarence JiTests.xctest */;
			productType = "com.apple.product-type.bundle.unit-test";
		};
/* End PBXNativeTarget section */

/* Begin PBXProject section */
		1114F16C1A9283BD00D73E21 /* Project object */ = {
			isa = PBXProject;
			attributes = {
				LastUpgradeCheck = 0610;
				ORGANIZATIONNAME = "Clarence Ji";
				TargetAttributes = {
					1114F1731A9283BD00D73E21 = {
						CreatedOnToolsVersion = 6.1.1;
						DevelopmentTeam = G6TTA6H999;
					};
					1114F1881A9283BD00D73E21 = {
						CreatedOnToolsVersion = 6.1.1;
						TestTargetID = 1114F1731A9283BD00D73E21;
					};
				};
			};
			buildConfigurationList = 1114F16F1A9283BD00D73E21 /* Build configuration list for PBXProject "Clarence Ji" */;
			compatibilityVersion = "Xcode 3.2";
			developmentRegion = English;
			hasScannedForEncodings = 0;
			knownRegions = (
				en,
				Base,
			);
			mainGroup = 1114F16B1A9283BD00D73E21;
			productRefGroup = 1114F1751A9283BD00D73E21 /* Products */;
			projectDirPath = "";
			projectRoot = "";
			targets = (
				1114F1731A9283BD00D73E21 /* Clarence Ji */,
				1114F1881A9283BD00D73E21 /* Clarence JiTests */,
			);
		};
/* End PBXProject section */

/* Begin PBXResourcesBuildPhase section */
		1114F1721A9283BD00D73E21 /* Resources */ = {
			isa = PBXResourcesBuildPhase;
			buildActionMask = 2147483647;
			files = (
				11ECE12C1ADFE1E6005A1AF6 /* MyriadPro-Light.otf in Resources */,
				11A37DE21AE57649006B1F80 /* Text_Education.txt in Resources */,
				11ECE13C1AE01168005A1AF6 /* MyriadPro-Regular.otf in Resources */,
				11ECE13A1AE00DC2005A1AF6 /* CJTableView3_Cell.xib in Resources */,
				11ECE1211ADEBD8D005A1AF6 /* CJTableView1_Cell.xib in Resources */,
				1114F17F1A9283BD00D73E21 /* Main.storyboard in Resources */,
				1179E37C1AE409DA0036A5D4 /* Text_Intro.txt in Resources */,
				1114F1811A9283BD00D73E21 /* Images.xcassets in Resources */,
				1179E3801AE40E860036A5D4 /* CJTableView2_Cell.xib in Resources */,
			);
			runOnlyForDeploymentPostprocessing = 0;
		};
		1114F1871A9283BD00D73E21 /* Resources */ = {
			isa = PBXResourcesBuildPhase;
			buildActionMask = 2147483647;
			files = (
			);
			runOnlyForDeploymentPostprocessing = 0;
		};
/* End PBXResourcesBuildPhase section */

/* Begin PBXSourcesBuildPhase section */
		1114F1701A9283BD00D73E21 /* Sources */ = {
			isa = PBXSourcesBuildPhase;
			buildActionMask = 2147483647;
			files = (
				11ECE1391AE00DC2005A1AF6 /* CJTableView3_Cell.swift in Sources */,
				1114F17C1A9283BD00D73E21 /* ViewController.swift in Sources */,
				11ECE11B1ADEADBB005A1AF6 /* CJNavView1.swift in Sources */,
				1179E37A1AE2B9D60036A5D4 /* CJTableView2.swift in Sources */,
				1114F17A1A9283BD00D73E21 /* AppDelegate.swift in Sources */,
				11A37DDC1AE55CAF006B1F80 /* CJTableView2_ImageCell.swift in Sources */,
				11ECE1271ADECDDC005A1AF6 /* CJViewTransition.swift in Sources */,
				11A37DDE1AE56094006B1F80 /* CJImageView.swift in Sources */,
				11ECE1361ADFFF46005A1AF6 /* CJTableView3.swift in Sources */,
				11C784421AE45E7B0072A3E9 /* CJBackButton.swift in Sources */,
				11ECE1301ADFE9BA005A1AF6 /* CJTableView1_Cell_Barometer.swift in Sources */,
				1179E37F1AE40E860036A5D4 /* CJTableView2_Cell.swift in Sources */,
				1114F19A1A928BAB00D73E21 /* CJActivityIndicator.swift in Sources */,
				11ECE1231ADEBDE0005A1AF6 /* CJTableView1_Cell.swift in Sources */,
				11ECE11D1ADEAE21005A1AF6 /* CJTableView1.swift in Sources */,
				11ECE1341ADFEB92005A1AF6 /* CJAltimeter.swift in Sources */,
			);
			runOnlyForDeploymentPostprocessing = 0;
		};
		1114F1851A9283BD00D73E21 /* Sources */ = {
			isa = PBXSourcesBuildPhase;
			buildActionMask = 2147483647;
			files = (
				1114F1901A9283BE00D73E21 /* Clarence_JiTests.swift in Sources */,
			);
			runOnlyForDeploymentPostprocessing = 0;
		};
/* End PBXSourcesBuildPhase section */

/* Begin PBXTargetDependency section */
		1114F18B1A9283BD00D73E21 /* PBXTargetDependency */ = {
			isa = PBXTargetDependency;
			target = 1114F1731A9283BD00D73E21 /* Clarence Ji */;
			targetProxy = 1114F18A1A9283BD00D73E21 /* PBXContainerItemProxy */;
		};
/* End PBXTargetDependency section */

/* Begin PBXVariantGroup section */
		1114F17D1A9283BD00D73E21 /* Main.storyboard */ = {
			isa = PBXVariantGroup;
			children = (
				1114F17E1A9283BD00D73E21 /* Base */,
			);
			name = Main.storyboard;
			sourceTree = "<group>";
		};
/* End PBXVariantGroup section */

/* Begin XCBuildConfiguration section */
		1114F1911A9283BE00D73E21 /* Debug */ = {
			isa = XCBuildConfiguration;
			buildSettings = {
				ALWAYS_SEARCH_USER_PATHS = NO;
				CLANG_CXX_LANGUAGE_STANDARD = "gnu++0x";
				CLANG_CXX_LIBRARY = "libc++";
				CLANG_ENABLE_MODULES = YES;
				CLANG_ENABLE_OBJC_ARC = YES;
				CLANG_WARN_BOOL_CONVERSION = YES;
				CLANG_WARN_CONSTANT_CONVERSION = YES;
				CLANG_WARN_DIRECT_OBJC_ISA_USAGE = YES_ERROR;
				CLANG_WARN_EMPTY_BODY = YES;
				CLANG_WARN_ENUM_CONVERSION = YES;
				CLANG_WARN_INT_CONVERSION = YES;
				CLANG_WARN_OBJC_ROOT_CLASS = YES_ERROR;
				CLANG_WARN_UNREACHABLE_CODE = YES;
				CLANG_WARN__DUPLICATE_METHOD_MATCH = YES;
				"CODE_SIGN_IDENTITY[sdk=iphoneos*]" = "iPhone Developer";
				COPY_PHASE_STRIP = NO;
				ENABLE_STRICT_OBJC_MSGSEND = YES;
				GCC_C_LANGUAGE_STANDARD = gnu99;
				GCC_DYNAMIC_NO_PIC = NO;
				GCC_OPTIMIZATION_LEVEL = 0;
				GCC_PREPROCESSOR_DEFINITIONS = (
					"DEBUG=1",
					"$(inherited)",
				);
				GCC_SYMBOLS_PRIVATE_EXTERN = NO;
				GCC_WARN_64_TO_32_BIT_CONVERSION = YES;
				GCC_WARN_ABOUT_RETURN_TYPE = YES_ERROR;
				GCC_WARN_UNDECLARED_SELECTOR = YES;
				GCC_WARN_UNINITIALIZED_AUTOS = YES_AGGRESSIVE;
				GCC_WARN_UNUSED_FUNCTION = YES;
				GCC_WARN_UNUSED_VARIABLE = YES;
				IPHONEOS_DEPLOYMENT_TARGET = 8.1;
				MTL_ENABLE_DEBUG_INFO = YES;
				ONLY_ACTIVE_ARCH = YES;
				SDKROOT = iphoneos;
				SWIFT_OPTIMIZATION_LEVEL = "-Onone";
			};
			name = Debug;
		};
		1114F1921A9283BE00D73E21 /* Release */ = {
			isa = XCBuildConfiguration;
			buildSettings = {
				ALWAYS_SEARCH_USER_PATHS = NO;
				CLANG_CXX_LANGUAGE_STANDARD = "gnu++0x";
				CLANG_CXX_LIBRARY = "libc++";
				CLANG_ENABLE_MODULES = YES;
				CLANG_ENABLE_OBJC_ARC = YES;
				CLANG_WARN_BOOL_CONVERSION = YES;
				CLANG_WARN_CONSTANT_CONVERSION = YES;
				CLANG_WARN_DIRECT_OBJC_ISA_USAGE = YES_ERROR;
				CLANG_WARN_EMPTY_BODY = YES;
				CLANG_WARN_ENUM_CONVERSION = YES;
				CLANG_WARN_INT_CONVERSION = YES;
				CLANG_WARN_OBJC_ROOT_CLASS = YES_ERROR;
				CLANG_WARN_UNREACHABLE_CODE = YES;
				CLANG_WARN__DUPLICATE_METHOD_MATCH = YES;
				"CODE_SIGN_IDENTITY[sdk=iphoneos*]" = "iPhone Developer";
				COPY_PHASE_STRIP = YES;
				ENABLE_NS_ASSERTIONS = NO;
				ENABLE_STRICT_OBJC_MSGSEND = YES;
				GCC_C_LANGUAGE_STANDARD = gnu99;
				GCC_WARN_64_TO_32_BIT_CONVERSION = YES;
				GCC_WARN_ABOUT_RETURN_TYPE = YES_ERROR;
				GCC_WARN_UNDECLARED_SELECTOR = YES;
				GCC_WARN_UNINITIALIZED_AUTOS = YES_AGGRESSIVE;
				GCC_WARN_UNUSED_FUNCTION = YES;
				GCC_WARN_UNUSED_VARIABLE = YES;
				IPHONEOS_DEPLOYMENT_TARGET = 8.1;
				MTL_ENABLE_DEBUG_INFO = NO;
				SDKROOT = iphoneos;
				VALIDATE_PRODUCT = YES;
			};
			name = Release;
		};
		1114F1941A9283BE00D73E21 /* Debug */ = {
			isa = XCBuildConfiguration;
			buildSettings = {
				ASSETCATALOG_COMPILER_APPICON_NAME = AppIcon;
				ASSETCATALOG_COMPILER_LAUNCHIMAGE_NAME = LaunchImage;
				CODE_SIGN_IDENTITY = "iPhone Developer";
				INFOPLIST_FILE = "Clarence Ji/Info.plist";
				IPHONEOS_DEPLOYMENT_TARGET = 8.1;
				LD_RUNPATH_SEARCH_PATHS = "$(inherited) @executable_path/Frameworks";
				PRODUCT_NAME = "$(TARGET_NAME)";
			};
			name = Debug;
		};
		1114F1951A9283BE00D73E21 /* Release */ = {
			isa = XCBuildConfiguration;
			buildSettings = {
				ASSETCATALOG_COMPILER_APPICON_NAME = AppIcon;
				ASSETCATALOG_COMPILER_LAUNCHIMAGE_NAME = LaunchImage;
				CODE_SIGN_IDENTITY = "iPhone Developer";
				INFOPLIST_FILE = "Clarence Ji/Info.plist";
				IPHONEOS_DEPLOYMENT_TARGET = 8.1;
				LD_RUNPATH_SEARCH_PATHS = "$(inherited) @executable_path/Frameworks";
				PRODUCT_NAME = "$(TARGET_NAME)";
			};
			name = Release;
		};
		1114F1971A9283BE00D73E21 /* Debug */ = {
			isa = XCBuildConfiguration;
			buildSettings = {
				BUNDLE_LOADER = "$(TEST_HOST)";
				FRAMEWORK_SEARCH_PATHS = (
					"$(SDKROOT)/Developer/Library/Frameworks",
					"$(inherited)",
				);
				GCC_PREPROCESSOR_DEFINITIONS = (
					"DEBUG=1",
					"$(inherited)",
				);
				INFOPLIST_FILE = "Clarence JiTests/Info.plist";
				LD_RUNPATH_SEARCH_PATHS = "$(inherited) @executable_path/Frameworks @loader_path/Frameworks";
				PRODUCT_NAME = "$(TARGET_NAME)";
				TEST_HOST = "$(BUILT_PRODUCTS_DIR)/Clarence Ji.app/Clarence Ji";
			};
			name = Debug;
		};
		1114F1981A9283BE00D73E21 /* Release */ = {
			isa = XCBuildConfiguration;
			buildSettings = {
				BUNDLE_LOADER = "$(TEST_HOST)";
				FRAMEWORK_SEARCH_PATHS = (
					"$(SDKROOT)/Developer/Library/Frameworks",
					"$(inherited)",
				);
				INFOPLIST_FILE = "Clarence JiTests/Info.plist";
				LD_RUNPATH_SEARCH_PATHS = "$(inherited) @executable_path/Frameworks @loader_path/Frameworks";
				PRODUCT_NAME = "$(TARGET_NAME)";
				TEST_HOST = "$(BUILT_PRODUCTS_DIR)/Clarence Ji.app/Clarence Ji";
			};
			name = Release;
		};
/* End XCBuildConfiguration section */

/* Begin XCConfigurationList section */
		1114F16F1A9283BD00D73E21 /* Build configuration list for PBXProject "Clarence Ji" */ = {
			isa = XCConfigurationList;
			buildConfigurations = (
				1114F1911A9283BE00D73E21 /* Debug */,
				1114F1921A9283BE00D73E21 /* Release */,
			);
			defaultConfigurationIsVisible = 0;
			defaultConfigurationName = Release;
		};
		1114F1931A9283BE00D73E21 /* Build configuration list for PBXNativeTarget "Clarence Ji" */ = {
			isa = XCConfigurationList;
			buildConfigurations = (
				1114F1941A9283BE00D73E21 /* Debug */,
				1114F1951A9283BE00D73E21 /* Release */,
			);
			defaultConfigurationIsVisible = 0;
			defaultConfigurationName = Release;
		};
		1114F1961A9283BE00D73E21 /* Build configuration list for PBXNativeTarget "Clarence JiTests" */ = {
			isa = XCConfigurationList;
			buildConfigurations = (
				1114F1971A9283BE00D73E21 /* Debug */,
				1114F1981A9283BE00D73E21 /* Release */,
			);
			defaultConfigurationIsVisible = 0;
			defaultConfigurationName = Release;
		};
/* End XCConfigurationList section */
	};
	rootObject = 1114F16C1A9283BD00D73E21 /* Project object */;
}
